// !$*UTF8*$!
{
	archiveVersion = 1;
	classes = {
	};
	objectVersion = 46;
	objects = {

/* Begin PBXBuildFile section */
		28D075931A48130E005CF944 /* main.m in Sources */ = {isa = PBXBuildFile; fileRef = 28D075921A48130E005CF944 /* main.m */; };
		28D075961A48130E005CF944 /* AppDelegate.m in Sources */ = {isa = PBXBuildFile; fileRef = 28D075951A48130E005CF944 /* AppDelegate.m */; };
		28D0759C1A48130E005CF944 /* Main.storyboard in Resources */ = {isa = PBXBuildFile; fileRef = 28D0759A1A48130E005CF944 /* Main.storyboard */; };
		28D0759E1A48130E005CF944 /* Images.xcassets in Resources */ = {isa = PBXBuildFile; fileRef = 28D0759D1A48130E005CF944 /* Images.xcassets */; };
		28D075A11A48130E005CF944 /* LaunchScreen.xib in Resources */ = {isa = PBXBuildFile; fileRef = 28D0759F1A48130E005CF944 /* LaunchScreen.xib */; };
		28D075AD1A48130E005CF944 /* CallOrderTests.m in Sources */ = {isa = PBXBuildFile; fileRef = 28D075AC1A48130E005CF944 /* CallOrderTests.m */; };
		28D075B81A4813C7005CF944 /* TableViewController.m in Sources */ = {isa = PBXBuildFile; fileRef = 28D075B71A4813C7005CF944 /* TableViewController.m */; };
/* End PBXBuildFile section */

/* Begin PBXContainerItemProxy section */
		28D075A71A48130E005CF944 /* PBXContainerItemProxy */ = {
			isa = PBXContainerItemProxy;
			containerPortal = 28D075851A48130E005CF944 /* Project object */;
			proxyType = 1;
			remoteGlobalIDString = 28D0758C1A48130E005CF944;
			remoteInfo = CallOrder;
		};
/* End PBXContainerItemProxy section */

/* Begin PBXFileReference section */
		28D0758D1A48130E005CF944 /* CallOrder.app */ = {isa = PBXFileReference; explicitFileType = wrapper.application; includeInIndex = 0; path = CallOrder.app; sourceTree = BUILT_PRODUCTS_DIR; };
		28D075911A48130E005CF944 /* Info.plist */ = {isa = PBXFileReference; lastKnownFileType = text.plist.xml; path = Info.plist; sourceTree = "<group>"; };
		28D075921A48130E005CF944 /* main.m */ = {isa = PBXFileReference; lastKnownFileType = sourcecode.c.objc; path = main.m; sourceTree = "<group>"; };
		28D075941A48130E005CF944 /* AppDelegate.h */ = {isa = PBXFileReference; lastKnownFileType = sourcecode.c.h; path = AppDelegate.h; sourceTree = "<group>"; };
		28D075951A48130E005CF944 /* AppDelegate.m */ = {isa = PBXFileReference; lastKnownFileType = sourcecode.c.objc; path = AppDelegate.m; sourceTree = "<group>"; };
		28D0759B1A48130E005CF944 /* Base */ = {isa = PBXFileReference; lastKnownFileType = file.storyboard; name = Base; path = Base.lproj/Main.storyboard; sourceTree = "<group>"; };
		28D0759D1A48130E005CF944 /* Images.xcassets */ = {isa = PBXFileReference; lastKnownFileType = folder.assetcatalog; path = Images.xcassets; sourceTree = "<group>"; };
		28D075A01A48130E005CF944 /* Base */ = {isa = PBXFileReference; lastKnownFileType = file.xib; name = Base; path = Base.lproj/LaunchScreen.xib; sourceTree = "<group>"; };
		28D075A61A48130E005CF944 /* CallOrderTests.xctest */ = {isa = PBXFileReference; explicitFileType = wrapper.cfbundle; includeInIndex = 0; path = CallOrderTests.xctest; sourceTree = BUILT_PRODUCTS_DIR; };
		28D075AB1A48130E005CF944 /* Info.plist */ = {isa = PBXFileReference; lastKnownFileType = text.plist.xml; path = Info.plist; sourceTree = "<group>"; };
		28D075AC1A48130E005CF944 /* CallOrderTests.m */ = {isa = PBXFileReference; lastKnownFileType = sourcecode.c.objc; path = CallOrderTests.m; sourceTree = "<group>"; };
		28D075B61A4813C7005CF944 /* TableViewController.h */ = {isa = PBXFileReference; fileEncoding = 4; lastKnownFileType = sourcecode.c.h; path = TableViewController.h; sourceTree = "<group>"; };
		28D075B71A4813C7005CF944 /* TableViewController.m */ = {isa = PBXFileReference; fileEncoding = 4; lastKnownFileType = sourcecode.c.objc; path = TableViewController.m; sourceTree = "<group>"; };
/* End PBXFileReference section */

/* Begin PBXFrameworksBuildPhase section */
		28D0758A1A48130E005CF944 /* Frameworks */ = {
			isa = PBXFrameworksBuildPhase;
			buildActionMask = 2147483647;
			files = (
			);
			runOnlyForDeploymentPostprocessing = 0;
		};
		28D075A31A48130E005CF944 /* Frameworks */ = {
			isa = PBXFrameworksBuildPhase;
			buildActionMask = 2147483647;
			files = (
			);
			runOnlyForDeploymentPostprocessing = 0;
		};
/* End PBXFrameworksBuildPhase section */

/* Begin PBXGroup section */
		28D075841A48130E005CF944 = {
			isa = PBXGroup;
			children = (
				28D0758F1A48130E005CF944 /* CallOrder */,
				28D075A91A48130E005CF944 /* CallOrderTests */,
				28D0758E1A48130E005CF944 /* Products */,
			);
			sourceTree = "<group>";
		};
		28D0758E1A48130E005CF944 /* Products */ = {
			isa = PBXGroup;
			children = (
				28D0758D1A48130E005CF944 /* CallOrder.app */,
				28D075A61A48130E005CF944 /* CallOrderTests.xctest */,
			);
			name = Products;
			sourceTree = "<group>";
		};
		28D0758F1A48130E005CF944 /* CallOrder */ = {
			isa = PBXGroup;
			children = (
				28D075941A48130E005CF944 /* AppDelegate.h */,
				28D075951A48130E005CF944 /* AppDelegate.m */,
				28D0759A1A48130E005CF944 /* Main.storyboard */,
				28D075B61A4813C7005CF944 /* TableViewController.h */,
				28D075B71A4813C7005CF944 /* TableViewController.m */,
				28D0759D1A48130E005CF944 /* Images.xcassets */,
				28D0759F1A48130E005CF944 /* LaunchScreen.xib */,
				28D075901A48130E005CF944 /* Supporting Files */,
			);
			path = CallOrder;
			sourceTree = "<group>";
		};
		28D075901A48130E005CF944 /* Supporting Files */ = {
			isa = PBXGroup;
			children = (
				28D075911A48130E005CF944 /* Info.plist */,
				28D075921A48130E005CF944 /* main.m */,
			);
			name = "Supporting Files";
			sourceTree = "<group>";
		};
		28D075A91A48130E005CF944 /* CallOrderTests */ = {
			isa = PBXGroup;
			children = (
				28D075AC1A48130E005CF944 /* CallOrderTests.m */,
				28D075AA1A48130E005CF944 /* Supporting Files */,
			);
			path = CallOrderTests;
			sourceTree = "<group>";
		};
		28D075AA1A48130E005CF944 /* Supporting Files */ = {
			isa = PBXGroup;
			children = (
				28D075AB1A48130E005CF944 /* Info.plist */,
			);
			name = "Supporting Files";
			sourceTree = "<group>";
		};
/* End PBXGroup section */

/* Begin PBXNativeTarget section */
		28D0758C1A48130E005CF944 /* CallOrder */ = {
			isa = PBXNativeTarget;
			buildConfigurationList = 28D075B01A48130E005CF944 /* Build configuration list for PBXNativeTarget "CallOrder" */;
			buildPhases = (
				28D075891A48130E005CF944 /* Sources */,
				28D0758A1A48130E005CF944 /* Frameworks */,
				28D0758B1A48130E005CF944 /* Resources */,
			);
			buildRules = (
			);
			dependencies = (
			);
			name = CallOrder;
			productName = CallOrder;
			productReference = 28D0758D1A48130E005CF944 /* CallOrder.app */;
			productType = "com.apple.product-type.application";
		};
		28D075A51A48130E005CF944 /* CallOrderTests */ = {
			isa = PBXNativeTarget;
			buildConfigurationList = 28D075B31A48130E005CF944 /* Build configuration list for PBXNativeTarget "CallOrderTests" */;
			buildPhases = (
				28D075A21A48130E005CF944 /* Sources */,
				28D075A31A48130E005CF944 /* Frameworks */,
				28D075A41A48130E005CF944 /* Resources */,
			);
			buildRules = (
			);
			dependencies = (
				28D075A81A48130E005CF944 /* PBXTargetDependency */,
			);
			name = CallOrderTests;
			productName = CallOrderTests;
			productReference = 28D075A61A48130E005CF944 /* CallOrderTests.xctest */;
			productType = "com.apple.product-type.bundle.unit-test";
		};
/* End PBXNativeTarget section */

/* Begin PBXProject section */
		28D075851A48130E005CF944 /* Project object */ = {
			isa = PBXProject;
			attributes = {
				LastUpgradeCheck = 0610;
				ORGANIZATIONNAME = "BILLY HO";
				TargetAttributes = {
					28D0758C1A48130E005CF944 = {
						CreatedOnToolsVersion = 6.1.1;
					};
					28D075A51A48130E005CF944 = {
						CreatedOnToolsVersion = 6.1.1;
						TestTargetID = 28D0758C1A48130E005CF944;
					};
				};
			};
			buildConfigurationList = 28D075881A48130E005CF944 /* Build configuration list for PBXProject "CallOrder" */;
			compatibilityVersion = "Xcode 3.2";
			developmentRegion = English;
			hasScannedForEncodings = 0;
			knownRegions = (
				en,
				Base,
			);
			mainGroup = 28D075841A48130E005CF944;
			productRefGroup = 28D0758E1A48130E005CF944 /* Products */;
			projectDirPath = "";
			projectRoot = "";
			targets = (
				28D0758C1A48130E005CF944 /* CallOrder */,
				28D075A51A48130E005CF944 /* CallOrderTests */,
			);
		};
/* End PBXProject section */

/* Begin PBXResourcesBuildPhase section */
		28D0758B1A48130E005CF944 /* Resources */ = {
			isa = PBXResourcesBuildPhase;
			buildActionMask = 2147483647;
			files = (
				28D0759C1A48130E005CF944 /* Main.storyboard in Resources */,
				28D075A11A48130E005CF944 /* LaunchScreen.xib in Resources */,
				28D0759E1A48130E005CF944 /* Images.xcassets in Resources */,
			);
			runOnlyForDeploymentPostprocessing = 0;
		};
		28D075A41A48130E005CF944 /* Resources */ = {
			isa = PBXResourcesBuildPhase;
			buildActionMask = 2147483647;
			files = (
			);
			runOnlyForDeploymentPostprocessing = 0;
		};
/* End PBXResourcesBuildPhase section */

/* Begin PBXSourcesBuildPhase section */
		28D075891A48130E005CF944 /* Sources */ = {
			isa = PBXSourcesBuildPhase;
			buildActionMask = 2147483647;
			files = (
				28D075961A48130E005CF944 /* AppDelegate.m in Sources */,
				28D075931A48130E005CF944 /* main.m in Sources */,
				28D075B81A4813C7005CF944 /* TableViewController.m in Sources */,
			);
			runOnlyForDeploymentPostprocessing = 0;
		};
		28D075A21A48130E005CF944 /* Sources */ = {
			isa = PBXSourcesBuildPhase;
			buildActionMask = 2147483647;
			files = (
				28D075AD1A48130E005CF944 /* CallOrderTests.m in Sources */,
			);
			runOnlyForDeploymentPostprocessing = 0;
		};
/* End PBXSourcesBuildPhase section */

/* Begin PBXTargetDependency section */
		28D075A81A48130E005CF944 /* PBXTargetDependency */ = {
			isa = PBXTargetDependency;
			target = 28D0758C1A48130E005CF944 /* CallOrder */;
			targetProxy = 28D075A71A48130E005CF944 /* PBXContainerItemProxy */;
		};
/* End PBXTargetDependency section */

/* Begin PBXVariantGroup section */
		28D0759A1A48130E005CF944 /* Main.storyboard */ = {
			isa = PBXVariantGroup;
			children = (
				28D0759B1A48130E005CF944 /* Base */,
			);
			name = Main.storyboard;
			sourceTree = "<group>";
		};
		28D0759F1A48130E005CF944 /* LaunchScreen.xib */ = {
			isa = PBXVariantGroup;
			children = (
				28D075A01A48130E005CF944 /* Base */,
			);
			name = LaunchScreen.xib;
			sourceTree = "<group>";
		};
/* End PBXVariantGroup section */

/* Begin XCBuildConfiguration section */
		28D075AE1A48130E005CF944 /* Debug */ = {
			isa = XCBuildConfiguration;
			buildSettings = {
				ALWAYS_SEARCH_USER_PATHS = NO;
				CLANG_CXX_LANGUAGE_STANDARD = "gnu++0x";
				CLANG_CXX_LIBRARY = "libc++";
				CLANG_ENABLE_MODULES = YES;
				CLANG_ENABLE_OBJC_ARC = YES;
				CLANG_WARN_BOOL_CONVERSION = YES;
				CLANG_WARN_CONSTANT_CONVERSION = YES;
				CLANG_WARN_DIRECT_OBJC_ISA_USAGE = YES_ERROR;
				CLANG_WARN_EMPTY_BODY = YES;
				CLANG_WARN_ENUM_CONVERSION = YES;
				CLANG_WARN_INT_CONVERSION = YES;
				CLANG_WARN_OBJC_ROOT_CLASS = YES_ERROR;
				CLANG_WARN_UNREACHABLE_CODE = YES;
				CLANG_WARN__DUPLICATE_METHOD_MATCH = YES;
				"CODE_SIGN_IDENTITY[sdk=iphoneos*]" = "iPhone Developer";
				COPY_PHASE_STRIP = NO;
				ENABLE_STRICT_OBJC_MSGSEND = YES;
				GCC_C_LANGUAGE_STANDARD = gnu99;
				GCC_DYNAMIC_NO_PIC = NO;
				GCC_OPTIMIZATION_LEVEL = 0;
				GCC_PREPROCESSOR_DEFINITIONS = (
					"DEBUG=1",
					"$(inherited)",
				);
				GCC_SYMBOLS_PRIVATE_EXTERN = NO;
				GCC_WARN_64_TO_32_BIT_CONVERSION = YES;
				GCC_WARN_ABOUT_RETURN_TYPE = YES_ERROR;
				GCC_WARN_UNDECLARED_SELECTOR = YES;
				GCC_WARN_UNINITIALIZED_AUTOS = YES_AGGRESSIVE;
				GCC_WARN_UNUSED_FUNCTION = YES;
				GCC_WARN_UNUSED_VARIABLE = YES;
				IPHONEOS_DEPLOYMENT_TARGET = 8.1;
				MTL_ENABLE_DEBUG_INFO = YES;
				ONLY_ACTIVE_ARCH = YES;
				SDKROOT = iphoneos;
				TARGETED_DEVICE_FAMILY = "1,2";
			};
			name = Debug;
		};
		28D075AF1A48130E005CF944 /* Release */ = {
			isa = XCBuildConfiguration;
			buildSettings = {
				ALWAYS_SEARCH_USER_PATHS = NO;
				CLANG_CXX_LANGUAGE_STANDARD = "gnu++0x";
				CLANG_CXX_LIBRARY = "libc++";
				CLANG_ENABLE_MODULES = YES;
				CLANG_ENABLE_OBJC_ARC = YES;
				CLANG_WARN_BOOL_CONVERSION = YES;
				CLANG_WARN_CONSTANT_CONVERSION = YES;
				CLANG_WARN_DIRECT_OBJC_ISA_USAGE = YES_ERROR;
				CLANG_WARN_EMPTY_BODY = YES;
				CLANG_WARN_ENUM_CONVERSION = YES;
				CLANG_WARN_INT_CONVERSION = YES;
				CLANG_WARN_OBJC_ROOT_CLASS = YES_ERROR;
				CLANG_WARN_UNREACHABLE_CODE = YES;
				CLANG_WARN__DUPLICATE_METHOD_MATCH = YES;
				"CODE_SIGN_IDENTITY[sdk=iphoneos*]" = "iPhone Developer";
				COPY_PHASE_STRIP = YES;
				ENABLE_NS_ASSERTIONS = NO;
				ENABLE_STRICT_OBJC_MSGSEND = YES;
				GCC_C_LANGUAGE_STANDARD = gnu99;
				GCC_WARN_64_TO_32_BIT_CONVERSION = YES;
				GCC_WARN_ABOUT_RETURN_TYPE = YES_ERROR;
				GCC_WARN_UNDECLARED_SELECTOR = YES;
				GCC_WARN_UNINITIALIZED_AUTOS = YES_AGGRESSIVE;
				GCC_WARN_UNUSED_FUNCTION = YES;
				GCC_WARN_UNUSED_VARIABLE = YES;
				IPHONEOS_DEPLOYMENT_TARGET = 8.1;
				MTL_ENABLE_DEBUG_INFO = NO;
				SDKROOT = iphoneos;
				TARGETED_DEVICE_FAMILY = "1,2";
				VALIDATE_PRODUCT = YES;
			};
			name = Release;
		};
		28D075B11A48130E005CF944 /* Debug */ = {
			isa = XCBuildConfiguration;
			buildSettings = {
				ASSETCATALOG_COMPILER_APPICON_NAME = AppIcon;
				INFOPLIST_FILE = CallOrder/Info.plist;
				LD_RUNPATH_SEARCH_PATHS = "$(inherited) @executable_path/Frameworks";
				PRODUCT_NAME = "$(TARGET_NAME)";
			};
			name = Debug;
		};
		28D075B21A48130E005CF944 /* Release */ = {
			isa = XCBuildConfiguration;
			buildSettings = {
				ASSETCATALOG_COMPILER_APPICON_NAME = AppIcon;
				INFOPLIST_FILE = CallOrder/Info.plist;
				LD_RUNPATH_SEARCH_PATHS = "$(inherited) @executable_path/Frameworks";
				PRODUCT_NAME = "$(TARGET_NAME)";
			};
			name = Release;
		};
		28D075B41A48130E005CF944 /* Debug */ = {
			isa = XCBuildConfiguration;
			buildSettings = {
				BUNDLE_LOADER = "$(TEST_HOST)";
				FRAMEWORK_SEARCH_PATHS = (
					"$(SDKROOT)/Developer/Library/Frameworks",
					"$(inherited)",
				);
				GCC_PREPROCESSOR_DEFINITIONS = (
					"DEBUG=1",
					"$(inherited)",
				);
				INFOPLIST_FILE = CallOrderTests/Info.plist;
				LD_RUNPATH_SEARCH_PATHS = "$(inherited) @executable_path/Frameworks @loader_path/Frameworks";
				PRODUCT_NAME = "$(TARGET_NAME)";
				TEST_HOST = "$(BUILT_PRODUCTS_DIR)/CallOrder.app/CallOrder";
			};
			name = Debug;
		};
		28D075B51A48130E005CF944 /* Release */ = {
			isa = XCBuildConfiguration;
			buildSettings = {
				BUNDLE_LOADER = "$(TEST_HOST)";
				FRAMEWORK_SEARCH_PATHS = (
					"$(SDKROOT)/Developer/Library/Frameworks",
					"$(inherited)",
				);
				INFOPLIST_FILE = CallOrderTests/Info.plist;
				LD_RUNPATH_SEARCH_PATHS = "$(inherited) @executable_path/Frameworks @loader_path/Frameworks";
				PRODUCT_NAME = "$(TARGET_NAME)";
				TEST_HOST = "$(BUILT_PRODUCTS_DIR)/CallOrder.app/CallOrder";
			};
			name = Release;
		};
/* End XCBuildConfiguration section */

/* Begin XCConfigurationList section */
		28D075881A48130E005CF944 /* Build configuration list for PBXProject "CallOrder" */ = {
			isa = XCConfigurationList;
			buildConfigurations = (
				28D075AE1A48130E005CF944 /* Debug */,
				28D075AF1A48130E005CF944 /* Release */,
			);
			defaultConfigurationIsVisible = 0;
			defaultConfigurationName = Release;
		};
		28D075B01A48130E005CF944 /* Build configuration list for PBXNativeTarget "CallOrder" */ = {
			isa = XCConfigurationList;
			buildConfigurations = (
				28D075B11A48130E005CF944 /* Debug */,
				28D075B21A48130E005CF944 /* Release */,
			);
			defaultConfigurationIsVisible = 0;
		};
		28D075B31A48130E005CF944 /* Build configuration list for PBXNativeTarget "CallOrderTests" */ = {
			isa = XCConfigurationList;
			buildConfigurations = (
				28D075B41A48130E005CF944 /* Debug */,
				28D075B51A48130E005CF944 /* Release */,
			);
			defaultConfigurationIsVisible = 0;
		};
/* End XCConfigurationList section */
	};
	rootObject = 28D075851A48130E005CF944 /* Project object */;
}
